
Microsoft Visual Studio Solution File, Format Version 12.00
# Visual Studio 15
VisualStudioVersion = 15.0.26430.14
MinimumVisualStudioVersion = 10.0.40219.1
Project("{FAE04EC0-301F-11D3-BF4B-00C04F79EFBC}") = "YukkoView", "YukkoView.csproj", "{B5A085AB-5A00-42E9-AA71-94D91500F1AA}"
EndProject
Global
	GlobalSection(SolutionConfigurationPlatforms) = preSolution
		Debug|Any CPU = Debug|Any CPU
		Release|Any CPU = Release|Any CPU
	EndGlobalSection
	GlobalSection(ProjectConfigurationPlatforms) = postSolution
		{B5A085AB-5A00-42E9-AA71-94D91500F1AA}.Debug|Any CPU.ActiveCfg = Debug|Any CPU
		{B5A085AB-5A00-42E9-AA71-94D91500F1AA}.Debug|Any CPU.Build.0 = Debug|Any CPU
		{B5A085AB-5A00-42E9-AA71-94D91500F1AA}.Release|Any CPU.ActiveCfg = Release|Any CPU
		{B5A085AB-5A00-42E9-AA71-94D91500F1AA}.Release|Any CPU.Build.0 = Release|Any CPU
	EndGlobalSection
	GlobalSection(SolutionProperties) = preSolution
		HideSolutionNode = FALSE
	EndGlobalSection
EndGlobal
